
Microsoft Visual Studio Solution File, Format Version 12.00
# Visual Studio 15
VisualStudioVersion = 15.0.27004.2002
MinimumVisualStudioVersion = 10.0.40219.1
Project("{9A19103F-16F7-4668-BE54-9A1E7A4F7556}") = "VocabularyPracticeWeb", "VocabularyPracticeWeb\VocabularyPracticeWeb.csproj", "{964C1506-DB4B-4C25-99B4-982FAA33712E}"
EndProject
Project("{9A19103F-16F7-4668-BE54-9A1E7A4F7556}") = "Common", "Common\Common.csproj", "{B640A3D6-0F6E-48B3-AC20-E23335DCEB80}"
EndProject
Project("{9A19103F-16F7-4668-BE54-9A1E7A4F7556}") = "VocabularyPracticeWeb.Tests", "VocabularyPracticeWeb.Tests\VocabularyPracticeWeb.Tests.csproj", "{5EDDC7A3-0B47-444E-AA1F-DCC2261123F1}"
EndProject
Project("{9A19103F-16F7-4668-BE54-9A1E7A4F7556}") = "VocabularyPracticeDomain", "VocabularyPractice\VocabularyPracticeDomain.csproj", "{83804F96-CC97-4847-B304-2073D36146A9}"
EndProject
Project("{9A19103F-16F7-4668-BE54-9A1E7A4F7556}") = "VocabularyPracticeEFCoreRepository", "EFCoreRepository\VocabularyPracticeEFCoreRepository.csproj", "{444640B4-9B78-4D22-9213-7216290FE2F3}"
EndProject
Project("{FAE04EC0-301F-11D3-BF4B-00C04F79EFBC}") = "VocabularyPracticeApplication", "VocabularyPracticeApplication\VocabularyPracticeApplication.csproj", "{5D6CDF87-4F1D-4E34-8117-1709A3E3F5A2}"
EndProject
Project("{FAE04EC0-301F-11D3-BF4B-00C04F79EFBC}") = "VocabularyPracticeConsoleApplication", "VocabularyTesterConsoleApplication\VocabularyPracticeConsoleApplication.csproj", "{B38DC433-8D59-4397-8AC5-2702B3A5DA01}"
EndProject
Global
	GlobalSection(SolutionConfigurationPlatforms) = preSolution
		Debug|Any CPU = Debug|Any CPU
		Release|Any CPU = Release|Any CPU
	EndGlobalSection
	GlobalSection(ProjectConfigurationPlatforms) = postSolution
		{964C1506-DB4B-4C25-99B4-982FAA33712E}.Debug|Any CPU.ActiveCfg = Debug|Any CPU
		{964C1506-DB4B-4C25-99B4-982FAA33712E}.Debug|Any CPU.Build.0 = Debug|Any CPU
		{964C1506-DB4B-4C25-99B4-982FAA33712E}.Release|Any CPU.ActiveCfg = Release|Any CPU
		{964C1506-DB4B-4C25-99B4-982FAA33712E}.Release|Any CPU.Build.0 = Release|Any CPU
		{B640A3D6-0F6E-48B3-AC20-E23335DCEB80}.Debug|Any CPU.ActiveCfg = Debug|Any CPU
		{B640A3D6-0F6E-48B3-AC20-E23335DCEB80}.Debug|Any CPU.Build.0 = Debug|Any CPU
		{B640A3D6-0F6E-48B3-AC20-E23335DCEB80}.Release|Any CPU.ActiveCfg = Release|Any CPU
		{B640A3D6-0F6E-48B3-AC20-E23335DCEB80}.Release|Any CPU.Build.0 = Release|Any CPU
		{5EDDC7A3-0B47-444E-AA1F-DCC2261123F1}.Debug|Any CPU.ActiveCfg = Debug|Any CPU
		{5EDDC7A3-0B47-444E-AA1F-DCC2261123F1}.Debug|Any CPU.Build.0 = Debug|Any CPU
		{5EDDC7A3-0B47-444E-AA1F-DCC2261123F1}.Release|Any CPU.ActiveCfg = Release|Any CPU
		{5EDDC7A3-0B47-444E-AA1F-DCC2261123F1}.Release|Any CPU.Build.0 = Release|Any CPU
		{83804F96-CC97-4847-B304-2073D36146A9}.Debug|Any CPU.ActiveCfg = Debug|Any CPU
		{83804F96-CC97-4847-B304-2073D36146A9}.Debug|Any CPU.Build.0 = Debug|Any CPU
		{83804F96-CC97-4847-B304-2073D36146A9}.Release|Any CPU.ActiveCfg = Release|Any CPU
		{83804F96-CC97-4847-B304-2073D36146A9}.Release|Any CPU.Build.0 = Release|Any CPU
		{444640B4-9B78-4D22-9213-7216290FE2F3}.Debug|Any CPU.ActiveCfg = Debug|Any CPU
		{444640B4-9B78-4D22-9213-7216290FE2F3}.Debug|Any CPU.Build.0 = Debug|Any CPU
		{444640B4-9B78-4D22-9213-7216290FE2F3}.Release|Any CPU.ActiveCfg = Release|Any CPU
		{444640B4-9B78-4D22-9213-7216290FE2F3}.Release|Any CPU.Build.0 = Release|Any CPU
		{5D6CDF87-4F1D-4E34-8117-1709A3E3F5A2}.Debug|Any CPU.ActiveCfg = Debug|Any CPU
		{5D6CDF87-4F1D-4E34-8117-1709A3E3F5A2}.Debug|Any CPU.Build.0 = Debug|Any CPU
		{5D6CDF87-4F1D-4E34-8117-1709A3E3F5A2}.Release|Any CPU.ActiveCfg = Release|Any CPU
		{5D6CDF87-4F1D-4E34-8117-1709A3E3F5A2}.Release|Any CPU.Build.0 = Release|Any CPU
		{B38DC433-8D59-4397-8AC5-2702B3A5DA01}.Debug|Any CPU.ActiveCfg = Debug|Any CPU
		{B38DC433-8D59-4397-8AC5-2702B3A5DA01}.Debug|Any CPU.Build.0 = Debug|Any CPU
		{B38DC433-8D59-4397-8AC5-2702B3A5DA01}.Release|Any CPU.ActiveCfg = Release|Any CPU
		{B38DC433-8D59-4397-8AC5-2702B3A5DA01}.Release|Any CPU.Build.0 = Release|Any CPU
	EndGlobalSection
	GlobalSection(SolutionProperties) = preSolution
		HideSolutionNode = FALSE
	EndGlobalSection
	GlobalSection(ExtensibilityGlobals) = postSolution
		SolutionGuid = {C8E44C59-01B0-48FE-8C39-C2B0D6BC903E}
	EndGlobalSection
EndGlobal
